// !$*UTF8*$!
{
	archiveVersion = 1;
	classes = {
	};
	objectVersion = 56;
	objects = {

/* Begin PBXBuildFile section */
		528ADEBB2C38245F005CA6F3 /* LearningApp.swift in Sources */ = {isa = PBXBuildFile; fileRef = 528ADEBA2C38245F005CA6F3 /* LearningApp.swift */; };
		528ADEBD2C38245F005CA6F3 /* ContentView.swift in Sources */ = {isa = PBXBuildFile; fileRef = 528ADEBC2C38245F005CA6F3 /* ContentView.swift */; };
		528ADEBF2C382460005CA6F3 /* Assets.xcassets in Resources */ = {isa = PBXBuildFile; fileRef = 528ADEBE2C382460005CA6F3 /* Assets.xcassets */; };
		528ADEC22C382460005CA6F3 /* Preview Assets.xcassets in Resources */ = {isa = PBXBuildFile; fileRef = 528ADEC12C382460005CA6F3 /* Preview Assets.xcassets */; };
		528ADECC2C382460005CA6F3 /* LearningTests.swift in Sources */ = {isa = PBXBuildFile; fileRef = 528ADECB2C382460005CA6F3 /* LearningTests.swift */; };
		528ADED62C382460005CA6F3 /* LearningUITests.swift in Sources */ = {isa = PBXBuildFile; fileRef = 528ADED52C382460005CA6F3 /* LearningUITests.swift */; };
		528ADED82C382460005CA6F3 /* LearningUITestsLaunchTests.swift in Sources */ = {isa = PBXBuildFile; fileRef = 528ADED72C382460005CA6F3 /* LearningUITestsLaunchTests.swift */; };
		52CC9F152C6E4EF400292063 /* WeatherButton.swift in Sources */ = {isa = PBXBuildFile; fileRef = 52CC9F142C6E4EF400292063 /* WeatherButton.swift */; };
/* End PBXBuildFile section */

/* Begin PBXContainerItemProxy section */
		528ADEC82C382460005CA6F3 /* PBXContainerItemProxy */ = {
			isa = PBXContainerItemProxy;
			containerPortal = 528ADEAF2C38245E005CA6F3 /* Project object */;
			proxyType = 1;
			remoteGlobalIDString = 528ADEB62C38245E005CA6F3;
			remoteInfo = Learning;
		};
		528ADED22C382460005CA6F3 /* PBXContainerItemProxy */ = {
			isa = PBXContainerItemProxy;
			containerPortal = 528ADEAF2C38245E005CA6F3 /* Project object */;
			proxyType = 1;
			remoteGlobalIDString = 528ADEB62C38245E005CA6F3;
			remoteInfo = Learning;
		};
/* End PBXContainerItemProxy section */

/* Begin PBXFileReference section */
		528ADEB72C38245F005CA6F3 /* Learning.app */ = {isa = PBXFileReference; explicitFileType = wrapper.application; includeInIndex = 0; path = Learning.app; sourceTree = BUILT_PRODUCTS_DIR; };
		528ADEBA2C38245F005CA6F3 /* LearningApp.swift */ = {isa = PBXFileReference; lastKnownFileType = sourcecode.swift; path = LearningApp.swift; sourceTree = "<group>"; };
		528ADEBC2C38245F005CA6F3 /* ContentView.swift */ = {isa = PBXFileReference; lastKnownFileType = sourcecode.swift; path = ContentView.swift; sourceTree = "<group>"; };
		528ADEBE2C382460005CA6F3 /* Assets.xcassets */ = {isa = PBXFileReference; lastKnownFileType = folder.assetcatalog; path = Assets.xcassets; sourceTree = "<group>"; };
		528ADEC12C382460005CA6F3 /* Preview Assets.xcassets */ = {isa = PBXFileReference; lastKnownFileType = folder.assetcatalog; path = "Preview Assets.xcassets"; sourceTree = "<group>"; };
		528ADEC72C382460005CA6F3 /* LearningTests.xctest */ = {isa = PBXFileReference; explicitFileType = wrapper.cfbundle; includeInIndex = 0; path = LearningTests.xctest; sourceTree = BUILT_PRODUCTS_DIR; };
		528ADECB2C382460005CA6F3 /* LearningTests.swift */ = {isa = PBXFileReference; lastKnownFileType = sourcecode.swift; path = LearningTests.swift; sourceTree = "<group>"; };
		528ADED12C382460005CA6F3 /* LearningUITests.xctest */ = {isa = PBXFileReference; explicitFileType = wrapper.cfbundle; includeInIndex = 0; path = LearningUITests.xctest; sourceTree = BUILT_PRODUCTS_DIR; };
		528ADED52C382460005CA6F3 /* LearningUITests.swift */ = {isa = PBXFileReference; lastKnownFileType = sourcecode.swift; path = LearningUITests.swift; sourceTree = "<group>"; };
		528ADED72C382460005CA6F3 /* LearningUITestsLaunchTests.swift */ = {isa = PBXFileReference; lastKnownFileType = sourcecode.swift; path = LearningUITestsLaunchTests.swift; sourceTree = "<group>"; };
		52CC9F142C6E4EF400292063 /* WeatherButton.swift */ = {isa = PBXFileReference; lastKnownFileType = sourcecode.swift; path = WeatherButton.swift; sourceTree = "<group>"; };
/* End PBXFileReference section */

/* Begin PBXFrameworksBuildPhase section */
		528ADEB42C38245E005CA6F3 /* Frameworks */ = {
			isa = PBXFrameworksBuildPhase;
			buildActionMask = 2147483647;
			files = (
			);
			runOnlyForDeploymentPostprocessing = 0;
		};
		528ADEC42C382460005CA6F3 /* Frameworks */ = {
			isa = PBXFrameworksBuildPhase;
			buildActionMask = 2147483647;
			files = (
			);
			runOnlyForDeploymentPostprocessing = 0;
		};
		528ADECE2C382460005CA6F3 /* Frameworks */ = {
			isa = PBXFrameworksBuildPhase;
			buildActionMask = 2147483647;
			files = (
			);
			runOnlyForDeploymentPostprocessing = 0;
		};
/* End PBXFrameworksBuildPhase section */

/* Begin PBXGroup section */
		528ADEAE2C38245E005CA6F3 = {
			isa = PBXGroup;
			children = (
				528ADEB92C38245F005CA6F3 /* Learning */,
				528ADECA2C382460005CA6F3 /* LearningTests */,
				528ADED42C382460005CA6F3 /* LearningUITests */,
				528ADEB82C38245F005CA6F3 /* Products */,
			);
			sourceTree = "<group>";
		};
		528ADEB82C38245F005CA6F3 /* Products */ = {
			isa = PBXGroup;
			children = (
				528ADEB72C38245F005CA6F3 /* Learning.app */,
				528ADEC72C382460005CA6F3 /* LearningTests.xctest */,
				528ADED12C382460005CA6F3 /* LearningUITests.xctest */,
			);
			name = Products;
			sourceTree = "<group>";
		};
		528ADEB92C38245F005CA6F3 /* Learning */ = {
			isa = PBXGroup;
			children = (
				528ADEBA2C38245F005CA6F3 /* LearningApp.swift */,
				528ADEBC2C38245F005CA6F3 /* ContentView.swift */,
				528ADEBE2C382460005CA6F3 /* Assets.xcassets */,
				528ADEC02C382460005CA6F3 /* Preview Content */,
				52CC9F142C6E4EF400292063 /* WeatherButton.swift */,
			);
			path = Learning;
			sourceTree = "<group>";
		};
		528ADEC02C382460005CA6F3 /* Preview Content */ = {
			isa = PBXGroup;
			children = (
				528ADEC12C382460005CA6F3 /* Preview Assets.xcassets */,
			);
			path = "Preview Content";
			sourceTree = "<group>";
		};
		528ADECA2C382460005CA6F3 /* LearningTests */ = {
			isa = PBXGroup;
			children = (
				528ADECB2C382460005CA6F3 /* LearningTests.swift */,
			);
			path = LearningTests;
			sourceTree = "<group>";
		};
		528ADED42C382460005CA6F3 /* LearningUITests */ = {
			isa = PBXGroup;
			children = (
				528ADED52C382460005CA6F3 /* LearningUITests.swift */,
				528ADED72C382460005CA6F3 /* LearningUITestsLaunchTests.swift */,
			);
			path = LearningUITests;
			sourceTree = "<group>";
		};
/* End PBXGroup section */

/* Begin PBXNativeTarget section */
		528ADEB62C38245E005CA6F3 /* Learning */ = {
			isa = PBXNativeTarget;
			buildConfigurationList = 528ADEDB2C382460005CA6F3 /* Build configuration list for PBXNativeTarget "Learning" */;
			buildPhases = (
				528ADEB32C38245E005CA6F3 /* Sources */,
				528ADEB42C38245E005CA6F3 /* Frameworks */,
				528ADEB52C38245E005CA6F3 /* Resources */,
			);
			buildRules = (
			);
			dependencies = (
			);
			name = Learning;
			productName = Learning;
			productReference = 528ADEB72C38245F005CA6F3 /* Learning.app */;
			productType = "com.apple.product-type.application";
		};
		528ADEC62C382460005CA6F3 /* LearningTests */ = {
			isa = PBXNativeTarget;
			buildConfigurationList = 528ADEDE2C382460005CA6F3 /* Build configuration list for PBXNativeTarget "LearningTests" */;
			buildPhases = (
				528ADEC32C382460005CA6F3 /* Sources */,
				528ADEC42C382460005CA6F3 /* Frameworks */,
				528ADEC52C382460005CA6F3 /* Resources */,
			);
			buildRules = (
			);
			dependencies = (
				528ADEC92C382460005CA6F3 /* PBXTargetDependency */,
			);
			name = LearningTests;
			productName = LearningTests;
			productReference = 528ADEC72C382460005CA6F3 /* LearningTests.xctest */;
			productType = "com.apple.product-type.bundle.unit-test";
		};
		528ADED02C382460005CA6F3 /* LearningUITests */ = {
			isa = PBXNativeTarget;
			buildConfigurationList = 528ADEE12C382460005CA6F3 /* Build configuration list for PBXNativeTarget "LearningUITests" */;
			buildPhases = (
				528ADECD2C382460005CA6F3 /* Sources */,
				528ADECE2C382460005CA6F3 /* Frameworks */,
				528ADECF2C382460005CA6F3 /* Resources */,
			);
			buildRules = (
			);
			dependencies = (
				528ADED32C382460005CA6F3 /* PBXTargetDependency */,
			);
			name = LearningUITests;
			productName = LearningUITests;
			productReference = 528ADED12C382460005CA6F3 /* LearningUITests.xctest */;
			productType = "com.apple.product-type.bundle.ui-testing";
		};
/* End PBXNativeTarget section */

/* Begin PBXProject section */
		528ADEAF2C38245E005CA6F3 /* Project object */ = {
			isa = PBXProject;
			attributes = {
				BuildIndependentTargetsInParallel = 1;
				LastSwiftUpdateCheck = 1540;
				LastUpgradeCheck = 1540;
				TargetAttributes = {
					528ADEB62C38245E005CA6F3 = {
						CreatedOnToolsVersion = 15.4;
					};
					528ADEC62C382460005CA6F3 = {
						CreatedOnToolsVersion = 15.4;
						TestTargetID = 528ADEB62C38245E005CA6F3;
					};
					528ADED02C382460005CA6F3 = {
						CreatedOnToolsVersion = 15.4;
						TestTargetID = 528ADEB62C38245E005CA6F3;
					};
				};
			};
			buildConfigurationList = 528ADEB22C38245E005CA6F3 /* Build configuration list for PBXProject "Learning" */;
			compatibilityVersion = "Xcode 14.0";
			developmentRegion = en;
			hasScannedForEncodings = 0;
			knownRegions = (
				en,
				Base,
			);
			mainGroup = 528ADEAE2C38245E005CA6F3;
			productRefGroup = 528ADEB82C38245F005CA6F3 /* Products */;
			projectDirPath = "";
			projectRoot = "";
			targets = (
				528ADEB62C38245E005CA6F3 /* Learning */,
				528ADEC62C382460005CA6F3 /* LearningTests */,
				528ADED02C382460005CA6F3 /* LearningUITests */,
			);
		};
/* End PBXProject section */

/* Begin PBXResourcesBuildPhase section */
		528ADEB52C38245E005CA6F3 /* Resources */ = {
			isa = PBXResourcesBuildPhase;
			buildActionMask = 2147483647;
			files = (
				528ADEC22C382460005CA6F3 /* Preview Assets.xcassets in Resources */,
				528ADEBF2C382460005CA6F3 /* Assets.xcassets in Resources */,
			);
			runOnlyForDeploymentPostprocessing = 0;
		};
		528ADEC52C382460005CA6F3 /* Resources */ = {
			isa = PBXResourcesBuildPhase;
			buildActionMask = 2147483647;
			files = (
			);
			runOnlyForDeploymentPostprocessing = 0;
		};
		528ADECF2C382460005CA6F3 /* Resources */ = {
			isa = PBXResourcesBuildPhase;
			buildActionMask = 2147483647;
			files = (
			);
			runOnlyForDeploymentPostprocessing = 0;
		};
/* End PBXResourcesBuildPhase section */

/* Begin PBXSourcesBuildPhase section */
		528ADEB32C38245E005CA6F3 /* Sources */ = {
			isa = PBXSourcesBuildPhase;
			buildActionMask = 2147483647;
			files = (
				528ADEBD2C38245F005CA6F3 /* ContentView.swift in Sources */,
				528ADEBB2C38245F005CA6F3 /* LearningApp.swift in Sources */,
				52CC9F152C6E4EF400292063 /* WeatherButton.swift in Sources */,
			);
			runOnlyForDeploymentPostprocessing = 0;
		};
		528ADEC32C382460005CA6F3 /* Sources */ = {
			isa = PBXSourcesBuildPhase;
			buildActionMask = 2147483647;
			files = (
				528ADECC2C382460005CA6F3 /* LearningTests.swift in Sources */,
			);
			runOnlyForDeploymentPostprocessing = 0;
		};
		528ADECD2C382460005CA6F3 /* Sources */ = {
			isa = PBXSourcesBuildPhase;
			buildActionMask = 2147483647;
			files = (
				528ADED82C382460005CA6F3 /* LearningUITestsLaunchTests.swift in Sources */,
				528ADED62C382460005CA6F3 /* LearningUITests.swift in Sources */,
			);
			runOnlyForDeploymentPostprocessing = 0;
		};
/* End PBXSourcesBuildPhase section */

/* Begin PBXTargetDependency section */
		528ADEC92C382460005CA6F3 /* PBXTargetDependency */ = {
			isa = PBXTargetDependency;
			target = 528ADEB62C38245E005CA6F3 /* Learning */;
			targetProxy = 528ADEC82C382460005CA6F3 /* PBXContainerItemProxy */;
		};
		528ADED32C382460005CA6F3 /* PBXTargetDependency */ = {
			isa = PBXTargetDependency;
			target = 528ADEB62C38245E005CA6F3 /* Learning */;
			targetProxy = 528ADED22C382460005CA6F3 /* PBXContainerItemProxy */;
		};
/* End PBXTargetDependency section */

/* Begin XCBuildConfiguration section */
		528ADED92C382460005CA6F3 /* Debug */ = {
			isa = XCBuildConfiguration;
			buildSettings = {
				ALWAYS_SEARCH_USER_PATHS = NO;
				ASSETCATALOG_COMPILER_GENERATE_SWIFT_ASSET_SYMBOL_EXTENSIONS = YES;
				CLANG_ANALYZER_NONNULL = YES;
				CLANG_ANALYZER_NUMBER_OBJECT_CONVERSION = YES_AGGRESSIVE;
				CLANG_CXX_LANGUAGE_STANDARD = "gnu++20";
				CLANG_ENABLE_MODULES = YES;
				CLANG_ENABLE_OBJC_ARC = YES;
				CLANG_ENABLE_OBJC_WEAK = YES;
				CLANG_WARN_BLOCK_CAPTURE_AUTORELEASING = YES;
				CLANG_WARN_BOOL_CONVERSION = YES;
				CLANG_WARN_COMMA = YES;
				CLANG_WARN_CONSTANT_CONVERSION = YES;
				CLANG_WARN_DEPRECATED_OBJC_IMPLEMENTATIONS = YES;
				CLANG_WARN_DIRECT_OBJC_ISA_USAGE = YES_ERROR;
				CLANG_WARN_DOCUMENTATION_COMMENTS = YES;
				CLANG_WARN_EMPTY_BODY = YES;
				CLANG_WARN_ENUM_CONVERSION = YES;
				CLANG_WARN_INFINITE_RECURSION = YES;
				CLANG_WARN_INT_CONVERSION = YES;
				CLANG_WARN_NON_LITERAL_NULL_CONVERSION = YES;
				CLANG_WARN_OBJC_IMPLICIT_RETAIN_SELF = YES;
				CLANG_WARN_OBJC_LITERAL_CONVERSION = YES;
				CLANG_WARN_OBJC_ROOT_CLASS = YES_ERROR;
				CLANG_WARN_QUOTED_INCLUDE_IN_FRAMEWORK_HEADER = YES;
				CLANG_WARN_RANGE_LOOP_ANALYSIS = YES;
				CLANG_WARN_STRICT_PROTOTYPES = YES;
				CLANG_WARN_SUSPICIOUS_MOVE = YES;
				CLANG_WARN_UNGUARDED_AVAILABILITY = YES_AGGRESSIVE;
				CLANG_WARN_UNREACHABLE_CODE = YES;
				CLANG_WARN__DUPLICATE_METHOD_MATCH = YES;
				COPY_PHASE_STRIP = NO;
				DEBUG_INFORMATION_FORMAT = dwarf;
				ENABLE_STRICT_OBJC_MSGSEND = YES;
				ENABLE_TESTABILITY = YES;
				ENABLE_USER_SCRIPT_SANDBOXING = YES;
				GCC_C_LANGUAGE_STANDARD = gnu17;
				GCC_DYNAMIC_NO_PIC = NO;
				GCC_NO_COMMON_BLOCKS = YES;
				GCC_OPTIMIZATION_LEVEL = 0;
				GCC_PREPROCESSOR_DEFINITIONS = (
					"DEBUG=1",
					"$(inherited)",
				);
				GCC_WARN_64_TO_32_BIT_CONVERSION = YES;
				GCC_WARN_ABOUT_RETURN_TYPE = YES_ERROR;
				GCC_WARN_UNDECLARED_SELECTOR = YES;
				GCC_WARN_UNINITIALIZED_AUTOS = YES_AGGRESSIVE;
				GCC_WARN_UNUSED_FUNCTION = YES;
				GCC_WARN_UNUSED_VARIABLE = YES;
				IPHONEOS_DEPLOYMENT_TARGET = 16.0;
				LOCALIZATION_PREFERS_STRING_CATALOGS = YES;
				MTL_ENABLE_DEBUG_INFO = INCLUDE_SOURCE;
				MTL_FAST_MATH = YES;
				ONLY_ACTIVE_ARCH = YES;
				SDKROOT = iphoneos;
				SWIFT_ACTIVE_COMPILATION_CONDITIONS = "DEBUG $(inherited)";
				SWIFT_OPTIMIZATION_LEVEL = "-Onone";
			};
			name = Debug;
		};
		528ADEDA2C382460005CA6F3 /* Release */ = {
			isa = XCBuildConfiguration;
			buildSettings = {
				ALWAYS_SEARCH_USER_PATHS = NO;
				ASSETCATALOG_COMPILER_GENERATE_SWIFT_ASSET_SYMBOL_EXTENSIONS = YES;
				CLANG_ANALYZER_NONNULL = YES;
				CLANG_ANALYZER_NUMBER_OBJECT_CONVERSION = YES_AGGRESSIVE;
				CLANG_CXX_LANGUAGE_STANDARD = "gnu++20";
				CLANG_ENABLE_MODULES = YES;
				CLANG_ENABLE_OBJC_ARC = YES;
				CLANG_ENABLE_OBJC_WEAK = YES;
				CLANG_WARN_BLOCK_CAPTURE_AUTORELEASING = YES;
				CLANG_WARN_BOOL_CONVERSION = YES;
				CLANG_WARN_COMMA = YES;
				CLANG_WARN_CONSTANT_CONVERSION = YES;
				CLANG_WARN_DEPRECATED_OBJC_IMPLEMENTATIONS = YES;
				CLANG_WARN_DIRECT_OBJC_ISA_USAGE = YES_ERROR;
				CLANG_WARN_DOCUMENTATION_COMMENTS = YES;
				CLANG_WARN_EMPTY_BODY = YES;
				CLANG_WARN_ENUM_CONVERSION = YES;
				CLANG_WARN_INFINITE_RECURSION = YES;
				CLANG_WARN_INT_CONVERSION = YES;
				CLANG_WARN_NON_LITERAL_NULL_CONVERSION = YES;
				CLANG_WARN_OBJC_IMPLICIT_RETAIN_SELF = YES;
				CLANG_WARN_OBJC_LITERAL_CONVERSION = YES;
				CLANG_WARN_OBJC_ROOT_CLASS = YES_ERROR;
				CLANG_WARN_QUOTED_INCLUDE_IN_FRAMEWORK_HEADER = YES;
				CLANG_WARN_RANGE_LOOP_ANALYSIS = YES;
				CLANG_WARN_STRICT_PROTOTYPES = YES;
				CLANG_WARN_SUSPICIOUS_MOVE = YES;
				CLANG_WARN_UNGUARDED_AVAILABILITY = YES_AGGRESSIVE;
				CLANG_WARN_UNREACHABLE_CODE = YES;
				CLANG_WARN__DUPLICATE_METHOD_MATCH = YES;
				COPY_PHASE_STRIP = NO;
				DEBUG_INFORMATION_FORMAT = "dwarf-with-dsym";
				ENABLE_NS_ASSERTIONS = NO;
				ENABLE_STRICT_OBJC_MSGSEND = YES;
				ENABLE_USER_SCRIPT_SANDBOXING = YES;
				GCC_C_LANGUAGE_STANDARD = gnu17;
				GCC_NO_COMMON_BLOCKS = YES;
				GCC_WARN_64_TO_32_BIT_CONVERSION = YES;
				GCC_WARN_ABOUT_RETURN_TYPE = YES_ERROR;
				GCC_WARN_UNDECLARED_SELECTOR = YES;
				GCC_WARN_UNINITIALIZED_AUTOS = YES_AGGRESSIVE;
				GCC_WARN_UNUSED_FUNCTION = YES;
				GCC_WARN_UNUSED_VARIABLE = YES;
				IPHONEOS_DEPLOYMENT_TARGET = 16.0;
				LOCALIZATION_PREFERS_STRING_CATALOGS = YES;
				MTL_ENABLE_DEBUG_INFO = NO;
				MTL_FAST_MATH = YES;
				SDKROOT = iphoneos;
				SWIFT_COMPILATION_MODE = wholemodule;
				VALIDATE_PRODUCT = YES;
			};
			name = Release;
		};
		528ADEDC2C382460005CA6F3 /* Debug */ = {
			isa = XCBuildConfiguration;
			buildSettings = {
				ASSETCATALOG_COMPILER_APPICON_NAME = AppIcon;
				ASSETCATALOG_COMPILER_GLOBAL_ACCENT_COLOR_NAME = AccentColor;
				CODE_SIGN_STYLE = Automatic;
				CURRENT_PROJECT_VERSION = 1;
				DEVELOPMENT_ASSET_PATHS = "\"Learning/Preview Content\"";
				DEVELOPMENT_TEAM = K888Z7BSUH;
				ENABLE_PREVIEWS = YES;
				GENERATE_INFOPLIST_FILE = YES;
				INFOPLIST_KEY_UIApplicationSceneManifest_Generation = YES;
				INFOPLIST_KEY_UIApplicationSupportsIndirectInputEvents = YES;
				INFOPLIST_KEY_UILaunchScreen_Generation = YES;
				INFOPLIST_KEY_UISupportedInterfaceOrientations_iPad = "UIInterfaceOrientationPortrait UIInterfaceOrientationPortraitUpsideDown UIInterfaceOrientationLandscapeLeft UIInterfaceOrientationLandscapeRight";
				INFOPLIST_KEY_UISupportedInterfaceOrientations_iPhone = "UIInterfaceOrientationPortrait UIInterfaceOrientationLandscapeLeft UIInterfaceOrientationLandscapeRight";
				IPHONEOS_DEPLOYMENT_TARGET = 16.0;
				LD_RUNPATH_SEARCH_PATHS = (
					"$(inherited)",
					"@executable_path/Frameworks",
				);
				MARKETING_VERSION = 1.0;
				PRODUCT_BUNDLE_IDENTIFIER = Demo.Learning;
				PRODUCT_NAME = "$(TARGET_NAME)";
				SWIFT_EMIT_LOC_STRINGS = YES;
				SWIFT_VERSION = 5.0;
				TARGETED_DEVICE_FAMILY = "1,2";
			};
			name = Debug;
		};
		528ADEDD2C382460005CA6F3 /* Release */ = {
			isa = XCBuildConfiguration;
			buildSettings = {
				ASSETCATALOG_COMPILER_APPICON_NAME = AppIcon;
				ASSETCATALOG_COMPILER_GLOBAL_ACCENT_COLOR_NAME = AccentColor;
				CODE_SIGN_STYLE = Automatic;
				CURRENT_PROJECT_VERSION = 1;
				DEVELOPMENT_ASSET_PATHS = "\"Learning/Preview Content\"";
				DEVELOPMENT_TEAM = K888Z7BSUH;
				ENABLE_PREVIEWS = YES;
				GENERATE_INFOPLIST_FILE = YES;
				INFOPLIST_KEY_UIApplicationSceneManifest_Generation = YES;
				INFOPLIST_KEY_UIApplicationSupportsIndirectInputEvents = YES;
				INFOPLIST_KEY_UILaunchScreen_Generation = YES;
				INFOPLIST_KEY_UISupportedInterfaceOrientations_iPad = "UIInterfaceOrientationPortrait UIInterfaceOrientationPortraitUpsideDown UIInterfaceOrientationLandscapeLeft UIInterfaceOrientationLandscapeRight";
				INFOPLIST_KEY_UISupportedInterfaceOrientations_iPhone = "UIInterfaceOrientationPortrait UIInterfaceOrientationLandscapeLeft UIInterfaceOrientationLandscapeRight";
				IPHONEOS_DEPLOYMENT_TARGET = 16.0;
				LD_RUNPATH_SEARCH_PATHS = (
					"$(inherited)",
					"@executable_path/Frameworks",
				);
				MARKETING_VERSION = 1.0;
				PRODUCT_BUNDLE_IDENTIFIER = Demo.Learning;
				PRODUCT_NAME = "$(TARGET_NAME)";
				SWIFT_EMIT_LOC_STRINGS = YES;
				SWIFT_VERSION = 5.0;
				TARGETED_DEVICE_FAMILY = "1,2";
			};
			name = Release;
		};
		528ADEDF2C382460005CA6F3 /* Debug */ = {
			isa = XCBuildConfiguration;
			buildSettings = {
				ALWAYS_EMBED_SWIFT_STANDARD_LIBRARIES = YES;
				BUNDLE_LOADER = "$(TEST_HOST)";
				CODE_SIGN_STYLE = Automatic;
				CURRENT_PROJECT_VERSION = 1;
				DEVELOPMENT_TEAM = K888Z7BSUH;
				GENERATE_INFOPLIST_FILE = YES;
				IPHONEOS_DEPLOYMENT_TARGET = 17.5;
				MARKETING_VERSION = 1.0;
				PRODUCT_BUNDLE_IDENTIFIER = Demo.LearningTests;
				PRODUCT_NAME = "$(TARGET_NAME)";
				SWIFT_EMIT_LOC_STRINGS = NO;
				SWIFT_VERSION = 5.0;
				TARGETED_DEVICE_FAMILY = "1,2";
				TEST_HOST = "$(BUILT_PRODUCTS_DIR)/Learning.app/$(BUNDLE_EXECUTABLE_FOLDER_PATH)/Learning";
			};
			name = Debug;
		};
		528ADEE02C382460005CA6F3 /* Release */ = {
			isa = XCBuildConfiguration;
			buildSettings = {
				ALWAYS_EMBED_SWIFT_STANDARD_LIBRARIES = YES;
				BUNDLE_LOADER = "$(TEST_HOST)";
				CODE_SIGN_STYLE = Automatic;
				CURRENT_PROJECT_VERSION = 1;
				DEVELOPMENT_TEAM = K888Z7BSUH;
				GENERATE_INFOPLIST_FILE = YES;
				IPHONEOS_DEPLOYMENT_TARGET = 17.5;
				MARKETING_VERSION = 1.0;
				PRODUCT_BUNDLE_IDENTIFIER = Demo.LearningTests;
				PRODUCT_NAME = "$(TARGET_NAME)";
				SWIFT_EMIT_LOC_STRINGS = NO;
				SWIFT_VERSION = 5.0;
				TARGETED_DEVICE_FAMILY = "1,2";
				TEST_HOST = "$(BUILT_PRODUCTS_DIR)/Learning.app/$(BUNDLE_EXECUTABLE_FOLDER_PATH)/Learning";
			};
			name = Release;
		};
		528ADEE22C382460005CA6F3 /* Debug */ = {
			isa = XCBuildConfiguration;
			buildSettings = {
				ALWAYS_EMBED_SWIFT_STANDARD_LIBRARIES = YES;
				CODE_SIGN_STYLE = Automatic;
				CURRENT_PROJECT_VERSION = 1;
				DEVELOPMENT_TEAM = K888Z7BSUH;
				GENERATE_INFOPLIST_FILE = YES;
				MARKETING_VERSION = 1.0;
				PRODUCT_BUNDLE_IDENTIFIER = Demo.LearningUITests;
				PRODUCT_NAME = "$(TARGET_NAME)";
				SWIFT_EMIT_LOC_STRINGS = NO;
				SWIFT_VERSION = 5.0;
				TARGETED_DEVICE_FAMILY = "1,2";
				TEST_TARGET_NAME = Learning;
			};
			name = Debug;
		};
		528ADEE32C382460005CA6F3 /* Release */ = {
			isa = XCBuildConfiguration;
			buildSettings = {
				ALWAYS_EMBED_SWIFT_STANDARD_LIBRARIES = YES;
				CODE_SIGN_STYLE = Automatic;
				CURRENT_PROJECT_VERSION = 1;
				DEVELOPMENT_TEAM = K888Z7BSUH;
				GENERATE_INFOPLIST_FILE = YES;
				MARKETING_VERSION = 1.0;
				PRODUCT_BUNDLE_IDENTIFIER = Demo.LearningUITests;
				PRODUCT_NAME = "$(TARGET_NAME)";
				SWIFT_EMIT_LOC_STRINGS = NO;
				SWIFT_VERSION = 5.0;
				TARGETED_DEVICE_FAMILY = "1,2";
				TEST_TARGET_NAME = Learning;
			};
			name = Release;
		};
/* End XCBuildConfiguration section */

/* Begin XCConfigurationList section */
		528ADEB22C38245E005CA6F3 /* Build configuration list for PBXProject "Learning" */ = {
			isa = XCConfigurationList;
			buildConfigurations = (
				528ADED92C382460005CA6F3 /* Debug */,
				528ADEDA2C382460005CA6F3 /* Release */,
			);
			defaultConfigurationIsVisible = 0;
			defaultConfigurationName = Release;
		};
		528ADEDB2C382460005CA6F3 /* Build configuration list for PBXNativeTarget "Learning" */ = {
			isa = XCConfigurationList;
			buildConfigurations = (
				528ADEDC2C382460005CA6F3 /* Debug */,
				528ADEDD2C382460005CA6F3 /* Release */,
			);
			defaultConfigurationIsVisible = 0;
			defaultConfigurationName = Release;
		};
		528ADEDE2C382460005CA6F3 /* Build configuration list for PBXNativeTarget "LearningTests" */ = {
			isa = XCConfigurationList;
			buildConfigurations = (
				528ADEDF2C382460005CA6F3 /* Debug */,
				528ADEE02C382460005CA6F3 /* Release */,
			);
			defaultConfigurationIsVisible = 0;
			defaultConfigurationName = Release;
		};
		528ADEE12C382460005CA6F3 /* Build configuration list for PBXNativeTarget "LearningUITests" */ = {
			isa = XCConfigurationList;
			buildConfigurations = (
				528ADEE22C382460005CA6F3 /* Debug */,
				528ADEE32C382460005CA6F3 /* Release */,
			);
			defaultConfigurationIsVisible = 0;
			defaultConfigurationName = Release;
		};
/* End XCConfigurationList section */
	};
	rootObject = 528ADEAF2C38245E005CA6F3 /* Project object */;
}
